// !$*UTF8*$!
{
	archiveVersion = 1;
	classes = {
	};
	objectVersion = 50;
	objects = {

/* Begin PBXBuildFile section */
		3B44CC4224C6E00E0000DE3A /* AppDelegate.swift in Sources */ = {isa = PBXBuildFile; fileRef = 3B44CC4124C6E00E0000DE3A /* AppDelegate.swift */; };
		3B44CC4424C6E00E0000DE3A /* SceneDelegate.swift in Sources */ = {isa = PBXBuildFile; fileRef = 3B44CC4324C6E00E0000DE3A /* SceneDelegate.swift */; };
		3B44CC4624C6E00E0000DE3A /* ViewController.swift in Sources */ = {isa = PBXBuildFile; fileRef = 3B44CC4524C6E00E0000DE3A /* ViewController.swift */; };
		3B44CC4924C6E00E0000DE3A /* Main.storyboard in Resources */ = {isa = PBXBuildFile; fileRef = 3B44CC4724C6E00E0000DE3A /* Main.storyboard */; };
		3B44CC4B24C6E0100000DE3A /* Assets.xcassets in Resources */ = {isa = PBXBuildFile; fileRef = 3B44CC4A24C6E0100000DE3A /* Assets.xcassets */; };
		3B44CC4E24C6E0100000DE3A /* LaunchScreen.storyboard in Resources */ = {isa = PBXBuildFile; fileRef = 3B44CC4C24C6E0100000DE3A /* LaunchScreen.storyboard */; };
		3B44CC5924C6E0100000DE3A /* apps4Tests.swift in Sources */ = {isa = PBXBuildFile; fileRef = 3B44CC5824C6E0100000DE3A /* apps4Tests.swift */; };
		3B44CC6424C6E0CE0000DE3A /* Validation.swift in Sources */ = {isa = PBXBuildFile; fileRef = 3B44CC6324C6E0CE0000DE3A /* Validation.swift */; };
/* End PBXBuildFile section */

/* Begin PBXContainerItemProxy section */
		3B44CC5524C6E0100000DE3A /* PBXContainerItemProxy */ = {
			isa = PBXContainerItemProxy;
			containerPortal = 3B44CC3624C6E00E0000DE3A /* Project object */;
			proxyType = 1;
			remoteGlobalIDString = 3B44CC3D24C6E00E0000DE3A;
			remoteInfo = apps4;
		};
/* End PBXContainerItemProxy section */

/* Begin PBXFileReference section */
		3B44CC3E24C6E00E0000DE3A /* apps4.app */ = {isa = PBXFileReference; explicitFileType = wrapper.application; includeInIndex = 0; path = apps4.app; sourceTree = BUILT_PRODUCTS_DIR; };
		3B44CC4124C6E00E0000DE3A /* AppDelegate.swift */ = {isa = PBXFileReference; lastKnownFileType = sourcecode.swift; path = AppDelegate.swift; sourceTree = "<group>"; };
		3B44CC4324C6E00E0000DE3A /* SceneDelegate.swift */ = {isa = PBXFileReference; lastKnownFileType = sourcecode.swift; path = SceneDelegate.swift; sourceTree = "<group>"; };
		3B44CC4524C6E00E0000DE3A /* ViewController.swift */ = {isa = PBXFileReference; lastKnownFileType = sourcecode.swift; path = ViewController.swift; sourceTree = "<group>"; };
		3B44CC4824C6E00E0000DE3A /* Base */ = {isa = PBXFileReference; lastKnownFileType = file.storyboard; name = Base; path = Base.lproj/Main.storyboard; sourceTree = "<group>"; };
		3B44CC4A24C6E0100000DE3A /* Assets.xcassets */ = {isa = PBXFileReference; lastKnownFileType = folder.assetcatalog; path = Assets.xcassets; sourceTree = "<group>"; };
		3B44CC4D24C6E0100000DE3A /* Base */ = {isa = PBXFileReference; lastKnownFileType = file.storyboard; name = Base; path = Base.lproj/LaunchScreen.storyboard; sourceTree = "<group>"; };
		3B44CC4F24C6E0100000DE3A /* Info.plist */ = {isa = PBXFileReference; lastKnownFileType = text.plist.xml; path = Info.plist; sourceTree = "<group>"; };
		3B44CC5424C6E0100000DE3A /* apps4Tests.xctest */ = {isa = PBXFileReference; explicitFileType = wrapper.cfbundle; includeInIndex = 0; path = apps4Tests.xctest; sourceTree = BUILT_PRODUCTS_DIR; };
		3B44CC5824C6E0100000DE3A /* apps4Tests.swift */ = {isa = PBXFileReference; lastKnownFileType = sourcecode.swift; path = apps4Tests.swift; sourceTree = "<group>"; };
		3B44CC5A24C6E0100000DE3A /* Info.plist */ = {isa = PBXFileReference; lastKnownFileType = text.plist.xml; path = Info.plist; sourceTree = "<group>"; };
		3B44CC6324C6E0CE0000DE3A /* Validation.swift */ = {isa = PBXFileReference; lastKnownFileType = sourcecode.swift; path = Validation.swift; sourceTree = "<group>"; };
/* End PBXFileReference section */

/* Begin PBXFrameworksBuildPhase section */
		3B44CC3B24C6E00E0000DE3A /* Frameworks */ = {
			isa = PBXFrameworksBuildPhase;
			buildActionMask = 2147483647;
			files = (
			);
			runOnlyForDeploymentPostprocessing = 0;
		};
		3B44CC5124C6E0100000DE3A /* Frameworks */ = {
			isa = PBXFrameworksBuildPhase;
			buildActionMask = 2147483647;
			files = (
			);
			runOnlyForDeploymentPostprocessing = 0;
		};
/* End PBXFrameworksBuildPhase section */

/* Begin PBXGroup section */
		3B44CC3524C6E00E0000DE3A = {
			isa = PBXGroup;
			children = (
				3B44CC4024C6E00E0000DE3A /* apps4 */,
				3B44CC5724C6E0100000DE3A /* apps4Tests */,
				3B44CC3F24C6E00E0000DE3A /* Products */,
			);
			sourceTree = "<group>";
		};
		3B44CC3F24C6E00E0000DE3A /* Products */ = {
			isa = PBXGroup;
			children = (
				3B44CC3E24C6E00E0000DE3A /* apps4.app */,
				3B44CC5424C6E0100000DE3A /* apps4Tests.xctest */,
			);
			name = Products;
			sourceTree = "<group>";
		};
		3B44CC4024C6E00E0000DE3A /* apps4 */ = {
			isa = PBXGroup;
			children = (
				3B44CC4124C6E00E0000DE3A /* AppDelegate.swift */,
				3B44CC4324C6E00E0000DE3A /* SceneDelegate.swift */,
				3B44CC4524C6E00E0000DE3A /* ViewController.swift */,
				3B44CC6324C6E0CE0000DE3A /* Validation.swift */,
				3B44CC4724C6E00E0000DE3A /* Main.storyboard */,
				3B44CC4A24C6E0100000DE3A /* Assets.xcassets */,
				3B44CC4C24C6E0100000DE3A /* LaunchScreen.storyboard */,
				3B44CC4F24C6E0100000DE3A /* Info.plist */,
			);
			path = apps4;
			sourceTree = "<group>";
		};
		3B44CC5724C6E0100000DE3A /* apps4Tests */ = {
			isa = PBXGroup;
			children = (
				3B44CC5824C6E0100000DE3A /* apps4Tests.swift */,
				3B44CC5A24C6E0100000DE3A /* Info.plist */,
			);
			path = apps4Tests;
			sourceTree = "<group>";
		};
/* End PBXGroup section */

/* Begin PBXNativeTarget section */
		3B44CC3D24C6E00E0000DE3A /* apps4 */ = {
			isa = PBXNativeTarget;
			buildConfigurationList = 3B44CC5D24C6E0100000DE3A /* Build configuration list for PBXNativeTarget "apps4" */;
			buildPhases = (
				3B44CC3A24C6E00E0000DE3A /* Sources */,
				3B44CC3B24C6E00E0000DE3A /* Frameworks */,
				3B44CC3C24C6E00E0000DE3A /* Resources */,
			);
			buildRules = (
			);
			dependencies = (
			);
			name = apps4;
			productName = apps4;
			productReference = 3B44CC3E24C6E00E0000DE3A /* apps4.app */;
			productType = "com.apple.product-type.application";
		};
		3B44CC5324C6E0100000DE3A /* apps4Tests */ = {
			isa = PBXNativeTarget;
			buildConfigurationList = 3B44CC6024C6E0100000DE3A /* Build configuration list for PBXNativeTarget "apps4Tests" */;
			buildPhases = (
				3B44CC5024C6E0100000DE3A /* Sources */,
				3B44CC5124C6E0100000DE3A /* Frameworks */,
				3B44CC5224C6E0100000DE3A /* Resources */,
			);
			buildRules = (
			);
			dependencies = (
				3B44CC5624C6E0100000DE3A /* PBXTargetDependency */,
			);
			name = apps4Tests;
			productName = apps4Tests;
			productReference = 3B44CC5424C6E0100000DE3A /* apps4Tests.xctest */;
			productType = "com.apple.product-type.bundle.unit-test";
		};
/* End PBXNativeTarget section */

/* Begin PBXProject section */
		3B44CC3624C6E00E0000DE3A /* Project object */ = {
			isa = PBXProject;
			attributes = {
				LastSwiftUpdateCheck = 1150;
				LastUpgradeCheck = 1150;
				ORGANIZATIONNAME = "Александр Осипов";
				TargetAttributes = {
					3B44CC3D24C6E00E0000DE3A = {
						CreatedOnToolsVersion = 11.5;
					};
					3B44CC5324C6E0100000DE3A = {
						CreatedOnToolsVersion = 11.5;
						TestTargetID = 3B44CC3D24C6E00E0000DE3A;
					};
				};
			};
			buildConfigurationList = 3B44CC3924C6E00E0000DE3A /* Build configuration list for PBXProject "apps4" */;
			compatibilityVersion = "Xcode 9.3";
			developmentRegion = en;
			hasScannedForEncodings = 0;
			knownRegions = (
				en,
				Base,
			);
			mainGroup = 3B44CC3524C6E00E0000DE3A;
			productRefGroup = 3B44CC3F24C6E00E0000DE3A /* Products */;
			projectDirPath = "";
			projectRoot = "";
			targets = (
				3B44CC3D24C6E00E0000DE3A /* apps4 */,
				3B44CC5324C6E0100000DE3A /* apps4Tests */,
			);
		};
/* End PBXProject section */

/* Begin PBXResourcesBuildPhase section */
		3B44CC3C24C6E00E0000DE3A /* Resources */ = {
			isa = PBXResourcesBuildPhase;
			buildActionMask = 2147483647;
			files = (
				3B44CC4E24C6E0100000DE3A /* LaunchScreen.storyboard in Resources */,
				3B44CC4B24C6E0100000DE3A /* Assets.xcassets in Resources */,
				3B44CC4924C6E00E0000DE3A /* Main.storyboard in Resources */,
			);
			runOnlyForDeploymentPostprocessing = 0;
		};
		3B44CC5224C6E0100000DE3A /* Resources */ = {
			isa = PBXResourcesBuildPhase;
			buildActionMask = 2147483647;
			files = (
			);
			runOnlyForDeploymentPostprocessing = 0;
		};
/* End PBXResourcesBuildPhase section */

/* Begin PBXSourcesBuildPhase section */
		3B44CC3A24C6E00E0000DE3A /* Sources */ = {
			isa = PBXSourcesBuildPhase;
			buildActionMask = 2147483647;
			files = (
				3B44CC4624C6E00E0000DE3A /* ViewController.swift in Sources */,
				3B44CC4224C6E00E0000DE3A /* AppDelegate.swift in Sources */,
				3B44CC6424C6E0CE0000DE3A /* Validation.swift in Sources */,
				3B44CC4424C6E00E0000DE3A /* SceneDelegate.swift in Sources */,
			);
			runOnlyForDeploymentPostprocessing = 0;
		};
		3B44CC5024C6E0100000DE3A /* Sources */ = {
			isa = PBXSourcesBuildPhase;
			buildActionMask = 2147483647;
			files = (
				3B44CC5924C6E0100000DE3A /* apps4Tests.swift in Sources */,
			);
			runOnlyForDeploymentPostprocessing = 0;
		};
/* End PBXSourcesBuildPhase section */

/* Begin PBXTargetDependency section */
		3B44CC5624C6E0100000DE3A /* PBXTargetDependency */ = {
			isa = PBXTargetDependency;
			target = 3B44CC3D24C6E00E0000DE3A /* apps4 */;
			targetProxy = 3B44CC5524C6E0100000DE3A /* PBXContainerItemProxy */;
		};
/* End PBXTargetDependency section */

/* Begin PBXVariantGroup section */
		3B44CC4724C6E00E0000DE3A /* Main.storyboard */ = {
			isa = PBXVariantGroup;
			children = (
				3B44CC4824C6E00E0000DE3A /* Base */,
			);
			name = Main.storyboard;
			sourceTree = "<group>";
		};
		3B44CC4C24C6E0100000DE3A /* LaunchScreen.storyboard */ = {
			isa = PBXVariantGroup;
			children = (
				3B44CC4D24C6E0100000DE3A /* Base */,
			);
			name = LaunchScreen.storyboard;
			sourceTree = "<group>";
		};
/* End PBXVariantGroup section */

/* Begin XCBuildConfiguration section */
		3B44CC5B24C6E0100000DE3A /* Debug */ = {
			isa = XCBuildConfiguration;
			buildSettings = {
				ALWAYS_SEARCH_USER_PATHS = NO;
				CLANG_ANALYZER_NONNULL = YES;
				CLANG_ANALYZER_NUMBER_OBJECT_CONVERSION = YES_AGGRESSIVE;
				CLANG_CXX_LANGUAGE_STANDARD = "gnu++14";
				CLANG_CXX_LIBRARY = "libc++";
				CLANG_ENABLE_MODULES = YES;
				CLANG_ENABLE_OBJC_ARC = YES;
				CLANG_ENABLE_OBJC_WEAK = YES;
				CLANG_WARN_BLOCK_CAPTURE_AUTORELEASING = YES;
				CLANG_WARN_BOOL_CONVERSION = YES;
				CLANG_WARN_COMMA = YES;
				CLANG_WARN_CONSTANT_CONVERSION = YES;
				CLANG_WARN_DEPRECATED_OBJC_IMPLEMENTATIONS = YES;
				CLANG_WARN_DIRECT_OBJC_ISA_USAGE = YES_ERROR;
				CLANG_WARN_DOCUMENTATION_COMMENTS = YES;
				CLANG_WARN_EMPTY_BODY = YES;
				CLANG_WARN_ENUM_CONVERSION = YES;
				CLANG_WARN_INFINITE_RECURSION = YES;
				CLANG_WARN_INT_CONVERSION = YES;
				CLANG_WARN_NON_LITERAL_NULL_CONVERSION = YES;
				CLANG_WARN_OBJC_IMPLICIT_RETAIN_SELF = YES;
				CLANG_WARN_OBJC_LITERAL_CONVERSION = YES;
				CLANG_WARN_OBJC_ROOT_CLASS = YES_ERROR;
				CLANG_WARN_RANGE_LOOP_ANALYSIS = YES;
				CLANG_WARN_STRICT_PROTOTYPES = YES;
				CLANG_WARN_SUSPICIOUS_MOVE = YES;
				CLANG_WARN_UNGUARDED_AVAILABILITY = YES_AGGRESSIVE;
				CLANG_WARN_UNREACHABLE_CODE = YES;
				CLANG_WARN__DUPLICATE_METHOD_MATCH = YES;
				COPY_PHASE_STRIP = NO;
				DEBUG_INFORMATION_FORMAT = dwarf;
				ENABLE_STRICT_OBJC_MSGSEND = YES;
				ENABLE_TESTABILITY = YES;
				GCC_C_LANGUAGE_STANDARD = gnu11;
				GCC_DYNAMIC_NO_PIC = NO;
				GCC_NO_COMMON_BLOCKS = YES;
				GCC_OPTIMIZATION_LEVEL = 0;
				GCC_PREPROCESSOR_DEFINITIONS = (
					"DEBUG=1",
					"$(inherited)",
				);
				GCC_WARN_64_TO_32_BIT_CONVERSION = YES;
				GCC_WARN_ABOUT_RETURN_TYPE = YES_ERROR;
				GCC_WARN_UNDECLARED_SELECTOR = YES;
				GCC_WARN_UNINITIALIZED_AUTOS = YES_AGGRESSIVE;
				GCC_WARN_UNUSED_FUNCTION = YES;
				GCC_WARN_UNUSED_VARIABLE = YES;
				IPHONEOS_DEPLOYMENT_TARGET = 13.5;
				MTL_ENABLE_DEBUG_INFO = INCLUDE_SOURCE;
				MTL_FAST_MATH = YES;
				ONLY_ACTIVE_ARCH = YES;
				SDKROOT = iphoneos;
				SWIFT_ACTIVE_COMPILATION_CONDITIONS = DEBUG;
				SWIFT_OPTIMIZATION_LEVEL = "-Onone";
			};
			name = Debug;
		};
		3B44CC5C24C6E0100000DE3A /* Release */ = {
			isa = XCBuildConfiguration;
			buildSettings = {
				ALWAYS_SEARCH_USER_PATHS = NO;
				CLANG_ANALYZER_NONNULL = YES;
				CLANG_ANALYZER_NUMBER_OBJECT_CONVERSION = YES_AGGRESSIVE;
				CLANG_CXX_LANGUAGE_STANDARD = "gnu++14";
				CLANG_CXX_LIBRARY = "libc++";
				CLANG_ENABLE_MODULES = YES;
				CLANG_ENABLE_OBJC_ARC = YES;
				CLANG_ENABLE_OBJC_WEAK = YES;
				CLANG_WARN_BLOCK_CAPTURE_AUTORELEASING = YES;
				CLANG_WARN_BOOL_CONVERSION = YES;
				CLANG_WARN_COMMA = YES;
				CLANG_WARN_CONSTANT_CONVERSION = YES;
				CLANG_WARN_DEPRECATED_OBJC_IMPLEMENTATIONS = YES;
				CLANG_WARN_DIRECT_OBJC_ISA_USAGE = YES_ERROR;
				CLANG_WARN_DOCUMENTATION_COMMENTS = YES;
				CLANG_WARN_EMPTY_BODY = YES;
				CLANG_WARN_ENUM_CONVERSION = YES;
				CLANG_WARN_INFINITE_RECURSION = YES;
				CLANG_WARN_INT_CONVERSION = YES;
				CLANG_WARN_NON_LITERAL_NULL_CONVERSION = YES;
				CLANG_WARN_OBJC_IMPLICIT_RETAIN_SELF = YES;
				CLANG_WARN_OBJC_LITERAL_CONVERSION = YES;
				CLANG_WARN_OBJC_ROOT_CLASS = YES_ERROR;
				CLANG_WARN_RANGE_LOOP_ANALYSIS = YES;
				CLANG_WARN_STRICT_PROTOTYPES = YES;
				CLANG_WARN_SUSPICIOUS_MOVE = YES;
				CLANG_WARN_UNGUARDED_AVAILABILITY = YES_AGGRESSIVE;
				CLANG_WARN_UNREACHABLE_CODE = YES;
				CLANG_WARN__DUPLICATE_METHOD_MATCH = YES;
				COPY_PHASE_STRIP = NO;
				DEBUG_INFORMATION_FORMAT = "dwarf-with-dsym";
				ENABLE_NS_ASSERTIONS = NO;
				ENABLE_STRICT_OBJC_MSGSEND = YES;
				GCC_C_LANGUAGE_STANDARD = gnu11;
				GCC_NO_COMMON_BLOCKS = YES;
				GCC_WARN_64_TO_32_BIT_CONVERSION = YES;
				GCC_WARN_ABOUT_RETURN_TYPE = YES_ERROR;
				GCC_WARN_UNDECLARED_SELECTOR = YES;
				GCC_WARN_UNINITIALIZED_AUTOS = YES_AGGRESSIVE;
				GCC_WARN_UNUSED_FUNCTION = YES;
				GCC_WARN_UNUSED_VARIABLE = YES;
				IPHONEOS_DEPLOYMENT_TARGET = 13.5;
				MTL_ENABLE_DEBUG_INFO = NO;
				MTL_FAST_MATH = YES;
				SDKROOT = iphoneos;
				SWIFT_COMPILATION_MODE = wholemodule;
				SWIFT_OPTIMIZATION_LEVEL = "-O";
				VALIDATE_PRODUCT = YES;
			};
			name = Release;
		};
		3B44CC5E24C6E0100000DE3A /* Debug */ = {
			isa = XCBuildConfiguration;
			buildSettings = {
				ASSETCATALOG_COMPILER_APPICON_NAME = AppIcon;
				CODE_SIGN_STYLE = Automatic;
				DEVELOPMENT_TEAM = DJVBA9CU33;
				INFOPLIST_FILE = apps4/Info.plist;
				LD_RUNPATH_SEARCH_PATHS = (
					"$(inherited)",
					"@executable_path/Frameworks",
				);
				PRODUCT_BUNDLE_IDENTIFIER = com.Sashik.apps4;
				PRODUCT_NAME = "$(TARGET_NAME)";
				SWIFT_VERSION = 5.0;
				TARGETED_DEVICE_FAMILY = "1,2";
			};
			name = Debug;
		};
		3B44CC5F24C6E0100000DE3A /* Release */ = {
			isa = XCBuildConfiguration;
			buildSettings = {
				ASSETCATALOG_COMPILER_APPICON_NAME = AppIcon;
				CODE_SIGN_STYLE = Automatic;
				DEVELOPMENT_TEAM = DJVBA9CU33;
				INFOPLIST_FILE = apps4/Info.plist;
				LD_RUNPATH_SEARCH_PATHS = (
					"$(inherited)",
					"@executable_path/Frameworks",
				);
				PRODUCT_BUNDLE_IDENTIFIER = com.Sashik.apps4;
				PRODUCT_NAME = "$(TARGET_NAME)";
				SWIFT_VERSION = 5.0;
				TARGETED_DEVICE_FAMILY = "1,2";
			};
			name = Release;
		};
		3B44CC6124C6E0100000DE3A /* Debug */ = {
			isa = XCBuildConfiguration;
			buildSettings = {
				ALWAYS_EMBED_SWIFT_STANDARD_LIBRARIES = YES;
				BUNDLE_LOADER = "$(TEST_HOST)";
				CODE_SIGN_STYLE = Automatic;
				DEVELOPMENT_TEAM = DJVBA9CU33;
				INFOPLIST_FILE = apps4Tests/Info.plist;
				IPHONEOS_DEPLOYMENT_TARGET = 13.5;
				LD_RUNPATH_SEARCH_PATHS = (
					"$(inherited)",
					"@executable_path/Frameworks",
					"@loader_path/Frameworks",
				);
				PRODUCT_BUNDLE_IDENTIFIER = com.Sashik.apps4Tests;
				PRODUCT_NAME = "$(TARGET_NAME)";
				SWIFT_VERSION = 5.0;
				TARGETED_DEVICE_FAMILY = "1,2";
				TEST_HOST = "$(BUILT_PRODUCTS_DIR)/apps4.app/apps4";
			};
			name = Debug;
		};
		3B44CC6224C6E0100000DE3A /* Release */ = {
			isa = XCBuildConfiguration;
			buildSettings = {
				ALWAYS_EMBED_SWIFT_STANDARD_LIBRARIES = YES;
				BUNDLE_LOADER = "$(TEST_HOST)";
				CODE_SIGN_STYLE = Automatic;
				DEVELOPMENT_TEAM = DJVBA9CU33;
				INFOPLIST_FILE = apps4Tests/Info.plist;
				IPHONEOS_DEPLOYMENT_TARGET = 13.5;
				LD_RUNPATH_SEARCH_PATHS = (
					"$(inherited)",
					"@executable_path/Frameworks",
					"@loader_path/Frameworks",
				);
				PRODUCT_BUNDLE_IDENTIFIER = com.Sashik.apps4Tests;
				PRODUCT_NAME = "$(TARGET_NAME)";
				SWIFT_VERSION = 5.0;
				TARGETED_DEVICE_FAMILY = "1,2";
				TEST_HOST = "$(BUILT_PRODUCTS_DIR)/apps4.app/apps4";
			};
			name = Release;
		};
/* End XCBuildConfiguration section */

/* Begin XCConfigurationList section */
		3B44CC3924C6E00E0000DE3A /* Build configuration list for PBXProject "apps4" */ = {
			isa = XCConfigurationList;
			buildConfigurations = (
				3B44CC5B24C6E0100000DE3A /* Debug */,
				3B44CC5C24C6E0100000DE3A /* Release */,
			);
			defaultConfigurationIsVisible = 0;
			defaultConfigurationName = Release;
		};
		3B44CC5D24C6E0100000DE3A /* Build configuration list for PBXNativeTarget "apps4" */ = {
			isa = XCConfigurationList;
			buildConfigurations = (
				3B44CC5E24C6E0100000DE3A /* Debug */,
				3B44CC5F24C6E0100000DE3A /* Release */,
			);
			defaultConfigurationIsVisible = 0;
			defaultConfigurationName = Release;
		};
		3B44CC6024C6E0100000DE3A /* Build configuration list for PBXNativeTarget "apps4Tests" */ = {
			isa = XCConfigurationList;
			buildConfigurations = (
				3B44CC6124C6E0100000DE3A /* Debug */,
				3B44CC6224C6E0100000DE3A /* Release */,
			);
			defaultConfigurationIsVisible = 0;
			defaultConfigurationName = Release;
		};
/* End XCConfigurationList section */
	};
	rootObject = 3B44CC3624C6E00E0000DE3A /* Project object */;
}
